
Microsoft Visual Studio Solution File, Format Version 12.00
# Visual Studio Version 17
VisualStudioVersion = 17.14.36623.8 d17.14
MinimumVisualStudioVersion = 10.0.40219.1
Project("{FAE04EC0-301F-11D3-BF4B-00C04F79EFBC}") = "JocDelsTresors", "JocDelsTresors\JocDelsTresors.csproj", "{92B20B83-3BFA-4205-B603-FE48A7B235D7}"
EndProject
Global
	GlobalSection(SolutionConfigurationPlatforms) = preSolution
		Debug|Any CPU = Debug|Any CPU
		Release|Any CPU = Release|Any CPU
	EndGlobalSection
	GlobalSection(ProjectConfigurationPlatforms) = postSolution
		{92B20B83-3BFA-4205-B603-FE48A7B235D7}.Debug|Any CPU.ActiveCfg = Debug|Any CPU
		{92B20B83-3BFA-4205-B603-FE48A7B235D7}.Debug|Any CPU.Build.0 = Debug|Any CPU
		{92B20B83-3BFA-4205-B603-FE48A7B235D7}.Release|Any CPU.ActiveCfg = Release|Any CPU
		{92B20B83-3BFA-4205-B603-FE48A7B235D7}.Release|Any CPU.Build.0 = Release|Any CPU
	EndGlobalSection
	GlobalSection(SolutionProperties) = preSolution
		HideSolutionNode = FALSE
	EndGlobalSection
	GlobalSection(ExtensibilityGlobals) = postSolution
		SolutionGuid = {616BE962-3C13-4B83-9B8A-7B7DEFBA3AAA}
	EndGlobalSection
EndGlobal
